
Microsoft Visual Studio Solution File, Format Version 12.00
# Visual Studio Version 16
VisualStudioVersion = 16.0.32228.343
MinimumVisualStudioVersion = 10.0.40219.1
Project("{9A19103F-16F7-4668-BE54-9A1E7A4F7556}") = "Unit 4.1.17", "Unit 4.1.17\Unit 4.1.17.csproj", "{5143D3F2-5C74-45D7-9C67-3594F3598C58}"
EndProject
Project("{9A19103F-16F7-4668-BE54-9A1E7A4F7556}") = "Project Switch", "Project Switch\Project Switch.csproj", "{928A356A-3E98-4449-8DFD-ED0978C9BE1C}"
EndProject
Project("{9A19103F-16F7-4668-BE54-9A1E7A4F7556}") = "MassiveMinValue", "MassiveMinValue\MassiveMinValue.csproj", "{2E204E6A-55FB-49E9-87E5-3140A7305804}"
EndProject
Project("{9A19103F-16F7-4668-BE54-9A1E7A4F7556}") = "MassiveNamebyletters", "MassiveNamebyletters\MassiveNamebyletters.csproj", "{C0F3DEDA-106C-46C6-83D2-A8B16B960FCA}"
EndProject
Project("{9A19103F-16F7-4668-BE54-9A1E7A4F7556}") = "AddUpperBound", "AddUpperBound\AddUpperBound.csproj", "{9C96D047-953F-474B-A0D5-A16FD813A4E1}"
EndProject
Project("{9A19103F-16F7-4668-BE54-9A1E7A4F7556}") = "SortingNumbers", "SortingNumbers\SortingNumbers.csproj", "{9DD6B669-01F5-40AA-A826-6491B42B6F94}"
EndProject
Project("{9A19103F-16F7-4668-BE54-9A1E7A4F7556}") = "SummMassive", "SummMassive\SummMassive.csproj", "{D8B45665-5609-46AF-8BB5-69BE705255FB}"
EndProject
Project("{9A19103F-16F7-4668-BE54-9A1E7A4F7556}") = "AddAmountOfPosNum", "AddAmountOfPosNum\AddAmountOfPosNum.csproj", "{041DD95E-29A9-4015-8032-CAA7461B39FD}"
EndProject
Project("{9A19103F-16F7-4668-BE54-9A1E7A4F7556}") = "AddAmountOfPos - 2s Massive", "AddAmountOfPos - 2s Massive\AddAmountOfPos - 2s Massive.csproj", "{9043FA2C-3047-4B94-8E24-C3144242D5F2}"
EndProject
Project("{9A19103F-16F7-4668-BE54-9A1E7A4F7556}") = "Anketa", "Anketa\Anketa.csproj", "{72237811-19FA-4B76-8327-7083D38296F8}"
EndProject
Project("{FAE04EC0-301F-11D3-BF4B-00C04F79EFBC}") = "User", "User\User.csproj", "{8096E7FB-F91B-4CD8-A354-F0ADDC0773BD}"
EndProject
Project("{FAE04EC0-301F-11D3-BF4B-00C04F79EFBC}") = "Module 5 - User", "Module 5 - User\Module 5 - User.csproj", "{CE73EE28-07D7-47C0-A8A2-A7244CB2B9F3}"
EndProject
Project("{FAE04EC0-301F-11D3-BF4B-00C04F79EFBC}") = "Module 5.1 ShowColor", "Module 5.1 ShowColor\Module 5.1 ShowColor.csproj", "{D6F7EE7B-9588-4ECB-93D2-18365FC9E58A}"
EndProject
Project("{FAE04EC0-301F-11D3-BF4B-00C04F79EFBC}") = "Module 5.1 ShowColor - Massive", "Module 5.1 ShowColor - Massive\Module 5.1 ShowColor - Massive.csproj", "{BD20A90B-BF04-4EC5-A122-AC866D22A765}"
EndProject
Project("{FAE04EC0-301F-11D3-BF4B-00C04F79EFBC}") = "5.1.6. - GetArray", "5.1.6. - GetArray\5.1.6. - GetArray.csproj", "{C43BD267-C28B-4E47-9C9A-BCCC3927BBDE}"
EndProject
Project("{FAE04EC0-301F-11D3-BF4B-00C04F79EFBC}") = "5.2.8", "5.2.8\5.2.8.csproj", "{56DE05F4-9C86-4FED-A542-EBE8C22E4A89}"
EndProject
Project("{FAE04EC0-301F-11D3-BF4B-00C04F79EFBC}") = "5.3.1", "5.3.1\5.3.1.csproj", "{387D72F5-F682-4CF3-BEDF-5230DC7D8184}"
EndProject
Project("{FAE04EC0-301F-11D3-BF4B-00C04F79EFBC}") = "Module 5.5.3 - Echo", "Module 5.5.3 - Echo\Module 5.5.3 - Echo.csproj", "{AE3981B6-3376-47A2-8B4E-9C6BA0D59DF7}"
EndProject
Global
	GlobalSection(SolutionConfigurationPlatforms) = preSolution
		Debug|Any CPU = Debug|Any CPU
		Release|Any CPU = Release|Any CPU
	EndGlobalSection
	GlobalSection(ProjectConfigurationPlatforms) = postSolution
		{5143D3F2-5C74-45D7-9C67-3594F3598C58}.Debug|Any CPU.ActiveCfg = Debug|Any CPU
		{5143D3F2-5C74-45D7-9C67-3594F3598C58}.Debug|Any CPU.Build.0 = Debug|Any CPU
		{5143D3F2-5C74-45D7-9C67-3594F3598C58}.Release|Any CPU.ActiveCfg = Release|Any CPU
		{5143D3F2-5C74-45D7-9C67-3594F3598C58}.Release|Any CPU.Build.0 = Release|Any CPU
		{928A356A-3E98-4449-8DFD-ED0978C9BE1C}.Debug|Any CPU.ActiveCfg = Debug|Any CPU
		{928A356A-3E98-4449-8DFD-ED0978C9BE1C}.Debug|Any CPU.Build.0 = Debug|Any CPU
		{928A356A-3E98-4449-8DFD-ED0978C9BE1C}.Release|Any CPU.ActiveCfg = Release|Any CPU
		{928A356A-3E98-4449-8DFD-ED0978C9BE1C}.Release|Any CPU.Build.0 = Release|Any CPU
		{2E204E6A-55FB-49E9-87E5-3140A7305804}.Debug|Any CPU.ActiveCfg = Debug|Any CPU
		{2E204E6A-55FB-49E9-87E5-3140A7305804}.Debug|Any CPU.Build.0 = Debug|Any CPU
		{2E204E6A-55FB-49E9-87E5-3140A7305804}.Release|Any CPU.ActiveCfg = Release|Any CPU
		{2E204E6A-55FB-49E9-87E5-3140A7305804}.Release|Any CPU.Build.0 = Release|Any CPU
		{C0F3DEDA-106C-46C6-83D2-A8B16B960FCA}.Debug|Any CPU.ActiveCfg = Debug|Any CPU
		{C0F3DEDA-106C-46C6-83D2-A8B16B960FCA}.Debug|Any CPU.Build.0 = Debug|Any CPU
		{C0F3DEDA-106C-46C6-83D2-A8B16B960FCA}.Release|Any CPU.ActiveCfg = Release|Any CPU
		{C0F3DEDA-106C-46C6-83D2-A8B16B960FCA}.Release|Any CPU.Build.0 = Release|Any CPU
		{9C96D047-953F-474B-A0D5-A16FD813A4E1}.Debug|Any CPU.ActiveCfg = Debug|Any CPU
		{9C96D047-953F-474B-A0D5-A16FD813A4E1}.Debug|Any CPU.Build.0 = Debug|Any CPU
		{9C96D047-953F-474B-A0D5-A16FD813A4E1}.Release|Any CPU.ActiveCfg = Release|Any CPU
		{9C96D047-953F-474B-A0D5-A16FD813A4E1}.Release|Any CPU.Build.0 = Release|Any CPU
		{9DD6B669-01F5-40AA-A826-6491B42B6F94}.Debug|Any CPU.ActiveCfg = Debug|Any CPU
		{9DD6B669-01F5-40AA-A826-6491B42B6F94}.Debug|Any CPU.Build.0 = Debug|Any CPU
		{9DD6B669-01F5-40AA-A826-6491B42B6F94}.Release|Any CPU.ActiveCfg = Release|Any CPU
		{9DD6B669-01F5-40AA-A826-6491B42B6F94}.Release|Any CPU.Build.0 = Release|Any CPU
		{D8B45665-5609-46AF-8BB5-69BE705255FB}.Debug|Any CPU.ActiveCfg = Debug|Any CPU
		{D8B45665-5609-46AF-8BB5-69BE705255FB}.Debug|Any CPU.Build.0 = Debug|Any CPU
		{D8B45665-5609-46AF-8BB5-69BE705255FB}.Release|Any CPU.ActiveCfg = Release|Any CPU
		{D8B45665-5609-46AF-8BB5-69BE705255FB}.Release|Any CPU.Build.0 = Release|Any CPU
		{041DD95E-29A9-4015-8032-CAA7461B39FD}.Debug|Any CPU.ActiveCfg = Debug|Any CPU
		{041DD95E-29A9-4015-8032-CAA7461B39FD}.Debug|Any CPU.Build.0 = Debug|Any CPU
		{041DD95E-29A9-4015-8032-CAA7461B39FD}.Release|Any CPU.ActiveCfg = Release|Any CPU
		{041DD95E-29A9-4015-8032-CAA7461B39FD}.Release|Any CPU.Build.0 = Release|Any CPU
		{9043FA2C-3047-4B94-8E24-C3144242D5F2}.Debug|Any CPU.ActiveCfg = Debug|Any CPU
		{9043FA2C-3047-4B94-8E24-C3144242D5F2}.Debug|Any CPU.Build.0 = Debug|Any CPU
		{9043FA2C-3047-4B94-8E24-C3144242D5F2}.Release|Any CPU.ActiveCfg = Release|Any CPU
		{9043FA2C-3047-4B94-8E24-C3144242D5F2}.Release|Any CPU.Build.0 = Release|Any CPU
		{72237811-19FA-4B76-8327-7083D38296F8}.Debug|Any CPU.ActiveCfg = Debug|Any CPU
		{72237811-19FA-4B76-8327-7083D38296F8}.Debug|Any CPU.Build.0 = Debug|Any CPU
		{72237811-19FA-4B76-8327-7083D38296F8}.Release|Any CPU.ActiveCfg = Release|Any CPU
		{72237811-19FA-4B76-8327-7083D38296F8}.Release|Any CPU.Build.0 = Release|Any CPU
		{8096E7FB-F91B-4CD8-A354-F0ADDC0773BD}.Debug|Any CPU.ActiveCfg = Debug|Any CPU
		{8096E7FB-F91B-4CD8-A354-F0ADDC0773BD}.Debug|Any CPU.Build.0 = Debug|Any CPU
		{8096E7FB-F91B-4CD8-A354-F0ADDC0773BD}.Release|Any CPU.ActiveCfg = Release|Any CPU
		{8096E7FB-F91B-4CD8-A354-F0ADDC0773BD}.Release|Any CPU.Build.0 = Release|Any CPU
		{CE73EE28-07D7-47C0-A8A2-A7244CB2B9F3}.Debug|Any CPU.ActiveCfg = Debug|Any CPU
		{CE73EE28-07D7-47C0-A8A2-A7244CB2B9F3}.Debug|Any CPU.Build.0 = Debug|Any CPU
		{CE73EE28-07D7-47C0-A8A2-A7244CB2B9F3}.Release|Any CPU.ActiveCfg = Release|Any CPU
		{CE73EE28-07D7-47C0-A8A2-A7244CB2B9F3}.Release|Any CPU.Build.0 = Release|Any CPU
		{D6F7EE7B-9588-4ECB-93D2-18365FC9E58A}.Debug|Any CPU.ActiveCfg = Debug|Any CPU
		{D6F7EE7B-9588-4ECB-93D2-18365FC9E58A}.Debug|Any CPU.Build.0 = Debug|Any CPU
		{D6F7EE7B-9588-4ECB-93D2-18365FC9E58A}.Release|Any CPU.ActiveCfg = Release|Any CPU
		{D6F7EE7B-9588-4ECB-93D2-18365FC9E58A}.Release|Any CPU.Build.0 = Release|Any CPU
		{BD20A90B-BF04-4EC5-A122-AC866D22A765}.Debug|Any CPU.ActiveCfg = Debug|Any CPU
		{BD20A90B-BF04-4EC5-A122-AC866D22A765}.Debug|Any CPU.Build.0 = Debug|Any CPU
		{BD20A90B-BF04-4EC5-A122-AC866D22A765}.Release|Any CPU.ActiveCfg = Release|Any CPU
		{BD20A90B-BF04-4EC5-A122-AC866D22A765}.Release|Any CPU.Build.0 = Release|Any CPU
		{C43BD267-C28B-4E47-9C9A-BCCC3927BBDE}.Debug|Any CPU.ActiveCfg = Debug|Any CPU
		{C43BD267-C28B-4E47-9C9A-BCCC3927BBDE}.Debug|Any CPU.Build.0 = Debug|Any CPU
		{C43BD267-C28B-4E47-9C9A-BCCC3927BBDE}.Release|Any CPU.ActiveCfg = Release|Any CPU
		{C43BD267-C28B-4E47-9C9A-BCCC3927BBDE}.Release|Any CPU.Build.0 = Release|Any CPU
		{56DE05F4-9C86-4FED-A542-EBE8C22E4A89}.Debug|Any CPU.ActiveCfg = Debug|Any CPU
		{56DE05F4-9C86-4FED-A542-EBE8C22E4A89}.Debug|Any CPU.Build.0 = Debug|Any CPU
		{56DE05F4-9C86-4FED-A542-EBE8C22E4A89}.Release|Any CPU.ActiveCfg = Release|Any CPU
		{56DE05F4-9C86-4FED-A542-EBE8C22E4A89}.Release|Any CPU.Build.0 = Release|Any CPU
		{387D72F5-F682-4CF3-BEDF-5230DC7D8184}.Debug|Any CPU.ActiveCfg = Debug|Any CPU
		{387D72F5-F682-4CF3-BEDF-5230DC7D8184}.Debug|Any CPU.Build.0 = Debug|Any CPU
		{387D72F5-F682-4CF3-BEDF-5230DC7D8184}.Release|Any CPU.ActiveCfg = Release|Any CPU
		{387D72F5-F682-4CF3-BEDF-5230DC7D8184}.Release|Any CPU.Build.0 = Release|Any CPU
		{AE3981B6-3376-47A2-8B4E-9C6BA0D59DF7}.Debug|Any CPU.ActiveCfg = Debug|Any CPU
		{AE3981B6-3376-47A2-8B4E-9C6BA0D59DF7}.Debug|Any CPU.Build.0 = Debug|Any CPU
		{AE3981B6-3376-47A2-8B4E-9C6BA0D59DF7}.Release|Any CPU.ActiveCfg = Release|Any CPU
		{AE3981B6-3376-47A2-8B4E-9C6BA0D59DF7}.Release|Any CPU.Build.0 = Release|Any CPU
	EndGlobalSection
	GlobalSection(SolutionProperties) = preSolution
		HideSolutionNode = FALSE
	EndGlobalSection
	GlobalSection(ExtensibilityGlobals) = postSolution
		SolutionGuid = {699068C1-76ED-4113-8CF3-2CB65DF70DAD}
	EndGlobalSection
EndGlobal
