
Microsoft Visual Studio Solution File, Format Version 12.00
# Visual Studio Version 16
VisualStudioVersion = 16.0.32228.343
MinimumVisualStudioVersion = 10.0.40219.1
Project("{FAE04EC0-301F-11D3-BF4B-00C04F79EFBC}") = "Unit 4.1.17", "Unit 4.1.17\Unit 4.1.17.csproj", "{5143D3F2-5C74-45D7-9C67-3594F3598C58}"
EndProject
Project("{FAE04EC0-301F-11D3-BF4B-00C04F79EFBC}") = "Project Switch", "Project Switch\Project Switch.csproj", "{928A356A-3E98-4449-8DFD-ED0978C9BE1C}"
EndProject
Project("{FAE04EC0-301F-11D3-BF4B-00C04F79EFBC}") = "MassiveMinValue", "MassiveMinValue\MassiveMinValue.csproj", "{2E204E6A-55FB-49E9-87E5-3140A7305804}"
EndProject
Project("{FAE04EC0-301F-11D3-BF4B-00C04F79EFBC}") = "MassiveNamebyletters", "MassiveNamebyletters\MassiveNamebyletters.csproj", "{C0F3DEDA-106C-46C6-83D2-A8B16B960FCA}"
EndProject
Project("{FAE04EC0-301F-11D3-BF4B-00C04F79EFBC}") = "AddUpperBound", "AddUpperBound\AddUpperBound.csproj", "{9C96D047-953F-474B-A0D5-A16FD813A4E1}"
EndProject
Project("{FAE04EC0-301F-11D3-BF4B-00C04F79EFBC}") = "SortingNumbers", "SortingNumbers\SortingNumbers.csproj", "{9DD6B669-01F5-40AA-A826-6491B42B6F94}"
EndProject
Global
	GlobalSection(SolutionConfigurationPlatforms) = preSolution
		Debug|Any CPU = Debug|Any CPU
		Release|Any CPU = Release|Any CPU
	EndGlobalSection
	GlobalSection(ProjectConfigurationPlatforms) = postSolution
		{5143D3F2-5C74-45D7-9C67-3594F3598C58}.Debug|Any CPU.ActiveCfg = Debug|Any CPU
		{5143D3F2-5C74-45D7-9C67-3594F3598C58}.Debug|Any CPU.Build.0 = Debug|Any CPU
		{5143D3F2-5C74-45D7-9C67-3594F3598C58}.Release|Any CPU.ActiveCfg = Release|Any CPU
		{5143D3F2-5C74-45D7-9C67-3594F3598C58}.Release|Any CPU.Build.0 = Release|Any CPU
		{928A356A-3E98-4449-8DFD-ED0978C9BE1C}.Debug|Any CPU.ActiveCfg = Debug|Any CPU
		{928A356A-3E98-4449-8DFD-ED0978C9BE1C}.Debug|Any CPU.Build.0 = Debug|Any CPU
		{928A356A-3E98-4449-8DFD-ED0978C9BE1C}.Release|Any CPU.ActiveCfg = Release|Any CPU
		{928A356A-3E98-4449-8DFD-ED0978C9BE1C}.Release|Any CPU.Build.0 = Release|Any CPU
		{2E204E6A-55FB-49E9-87E5-3140A7305804}.Debug|Any CPU.ActiveCfg = Debug|Any CPU
		{2E204E6A-55FB-49E9-87E5-3140A7305804}.Debug|Any CPU.Build.0 = Debug|Any CPU
		{2E204E6A-55FB-49E9-87E5-3140A7305804}.Release|Any CPU.ActiveCfg = Release|Any CPU
		{2E204E6A-55FB-49E9-87E5-3140A7305804}.Release|Any CPU.Build.0 = Release|Any CPU
		{C0F3DEDA-106C-46C6-83D2-A8B16B960FCA}.Debug|Any CPU.ActiveCfg = Debug|Any CPU
		{C0F3DEDA-106C-46C6-83D2-A8B16B960FCA}.Debug|Any CPU.Build.0 = Debug|Any CPU
		{C0F3DEDA-106C-46C6-83D2-A8B16B960FCA}.Release|Any CPU.ActiveCfg = Release|Any CPU
		{C0F3DEDA-106C-46C6-83D2-A8B16B960FCA}.Release|Any CPU.Build.0 = Release|Any CPU
		{9C96D047-953F-474B-A0D5-A16FD813A4E1}.Debug|Any CPU.ActiveCfg = Debug|Any CPU
		{9C96D047-953F-474B-A0D5-A16FD813A4E1}.Debug|Any CPU.Build.0 = Debug|Any CPU
		{9C96D047-953F-474B-A0D5-A16FD813A4E1}.Release|Any CPU.ActiveCfg = Release|Any CPU
		{9C96D047-953F-474B-A0D5-A16FD813A4E1}.Release|Any CPU.Build.0 = Release|Any CPU
		{9DD6B669-01F5-40AA-A826-6491B42B6F94}.Debug|Any CPU.ActiveCfg = Debug|Any CPU
		{9DD6B669-01F5-40AA-A826-6491B42B6F94}.Debug|Any CPU.Build.0 = Debug|Any CPU
		{9DD6B669-01F5-40AA-A826-6491B42B6F94}.Release|Any CPU.ActiveCfg = Release|Any CPU
		{9DD6B669-01F5-40AA-A826-6491B42B6F94}.Release|Any CPU.Build.0 = Release|Any CPU
	EndGlobalSection
	GlobalSection(SolutionProperties) = preSolution
		HideSolutionNode = FALSE
	EndGlobalSection
	GlobalSection(ExtensibilityGlobals) = postSolution
		SolutionGuid = {699068C1-76ED-4113-8CF3-2CB65DF70DAD}
	EndGlobalSection
EndGlobal
